
Microsoft Visual Studio Solution File, Format Version 12.00
# Visual Studio 14
VisualStudioVersion = 14.0.25420.1
MinimumVisualStudioVersion = 10.0.40219.1
Project("{FAE04EC0-301F-11D3-BF4B-00C04F79EFBC}") = "TestCI", "TestCI\TestCI.csproj", "{F68E8407-62B5-4DC4-8B19-7DF1B4AA9DD2}"
EndProject
Project("{FAE04EC0-301F-11D3-BF4B-00C04F79EFBC}") = "TestCI.Tests", "TestCI.Tests\TestCI.Tests.csproj", "{8FF21F6E-9EA4-4EEE-857B-86585B71A141}"
EndProject
Project("{2150E333-8FDC-42A3-9474-1A3956D46DE8}") = "Unit_testing Metrices", "Unit_testing Metrices", "{DFE45531-5056-4B14-B70C-36B3296794DB}"
	ProjectSection(SolutionItems) = preProject
		GenerateUnitTestMetrices.bat = GenerateUnitTestMetrices.bat
	EndProjectSection
EndProject
Project("{FAE04EC0-301F-11D3-BF4B-00C04F79EFBC}") = "TestCI_CodedUITest", "TestCI_CodedUITest\TestCI_CodedUITest.csproj", "{453FBFAB-F2CD-40C4-8A69-6C5DA24E76C5}"
EndProject
Global
	GlobalSection(SolutionConfigurationPlatforms) = preSolution
		Debug|Any CPU = Debug|Any CPU
		Release|Any CPU = Release|Any CPU
	EndGlobalSection
	GlobalSection(ProjectConfigurationPlatforms) = postSolution
		{F68E8407-62B5-4DC4-8B19-7DF1B4AA9DD2}.Debug|Any CPU.ActiveCfg = Debug|Any CPU
		{F68E8407-62B5-4DC4-8B19-7DF1B4AA9DD2}.Debug|Any CPU.Build.0 = Debug|Any CPU
		{F68E8407-62B5-4DC4-8B19-7DF1B4AA9DD2}.Release|Any CPU.ActiveCfg = Release|Any CPU
		{F68E8407-62B5-4DC4-8B19-7DF1B4AA9DD2}.Release|Any CPU.Build.0 = Release|Any CPU
		{8FF21F6E-9EA4-4EEE-857B-86585B71A141}.Debug|Any CPU.ActiveCfg = Debug|Any CPU
		{8FF21F6E-9EA4-4EEE-857B-86585B71A141}.Debug|Any CPU.Build.0 = Debug|Any CPU
		{8FF21F6E-9EA4-4EEE-857B-86585B71A141}.Release|Any CPU.ActiveCfg = Release|Any CPU
		{8FF21F6E-9EA4-4EEE-857B-86585B71A141}.Release|Any CPU.Build.0 = Release|Any CPU
		{453FBFAB-F2CD-40C4-8A69-6C5DA24E76C5}.Debug|Any CPU.ActiveCfg = Debug|Any CPU
		{453FBFAB-F2CD-40C4-8A69-6C5DA24E76C5}.Debug|Any CPU.Build.0 = Debug|Any CPU
		{453FBFAB-F2CD-40C4-8A69-6C5DA24E76C5}.Release|Any CPU.ActiveCfg = Release|Any CPU
		{453FBFAB-F2CD-40C4-8A69-6C5DA24E76C5}.Release|Any CPU.Build.0 = Release|Any CPU
	EndGlobalSection
	GlobalSection(SolutionProperties) = preSolution
		HideSolutionNode = FALSE
	EndGlobalSection
EndGlobal
